
Microsoft Visual Studio Solution File, Format Version 12.00
# Visual Studio Version 16
VisualStudioVersion = 16.0.29613.14
MinimumVisualStudioVersion = 10.0.40219.1
Project("{9A19103F-16F7-4668-BE54-9A1E7A4F7556}") = "BackEnd", "BackEnd\BackEnd.csproj", "{DCCDDA58-CB4B-425F-B522-B4E3693618CB}"
EndProject
Project("{9A19103F-16F7-4668-BE54-9A1E7A4F7556}") = "DTO", "DTO\DTO.csproj", "{C0B25748-1D33-44A7-97C9-A3D2A8D5D014}"
EndProject
Project("{FAE04EC0-301F-11D3-BF4B-00C04F79EFBC}") = "FrontEnd", "FrontEnd\FrontEnd.csproj", "{855C90B2-33EE-4499-AFDF-C55A9B5A23A9}"
EndProject
Global
	GlobalSection(SolutionConfigurationPlatforms) = preSolution
		Debug|Any CPU = Debug|Any CPU
		Release|Any CPU = Release|Any CPU
	EndGlobalSection
	GlobalSection(ProjectConfigurationPlatforms) = postSolution
		{DCCDDA58-CB4B-425F-B522-B4E3693618CB}.Debug|Any CPU.ActiveCfg = Debug|Any CPU
		{DCCDDA58-CB4B-425F-B522-B4E3693618CB}.Debug|Any CPU.Build.0 = Debug|Any CPU
		{DCCDDA58-CB4B-425F-B522-B4E3693618CB}.Release|Any CPU.ActiveCfg = Release|Any CPU
		{DCCDDA58-CB4B-425F-B522-B4E3693618CB}.Release|Any CPU.Build.0 = Release|Any CPU
		{C0B25748-1D33-44A7-97C9-A3D2A8D5D014}.Debug|Any CPU.ActiveCfg = Debug|Any CPU
		{C0B25748-1D33-44A7-97C9-A3D2A8D5D014}.Debug|Any CPU.Build.0 = Debug|Any CPU
		{C0B25748-1D33-44A7-97C9-A3D2A8D5D014}.Release|Any CPU.ActiveCfg = Release|Any CPU
		{C0B25748-1D33-44A7-97C9-A3D2A8D5D014}.Release|Any CPU.Build.0 = Release|Any CPU
		{855C90B2-33EE-4499-AFDF-C55A9B5A23A9}.Debug|Any CPU.ActiveCfg = Debug|Any CPU
		{855C90B2-33EE-4499-AFDF-C55A9B5A23A9}.Debug|Any CPU.Build.0 = Debug|Any CPU
		{855C90B2-33EE-4499-AFDF-C55A9B5A23A9}.Release|Any CPU.ActiveCfg = Release|Any CPU
		{855C90B2-33EE-4499-AFDF-C55A9B5A23A9}.Release|Any CPU.Build.0 = Release|Any CPU
	EndGlobalSection
	GlobalSection(SolutionProperties) = preSolution
		HideSolutionNode = FALSE
	EndGlobalSection
	GlobalSection(ExtensibilityGlobals) = postSolution
		SolutionGuid = {88D5A5C2-2CC8-4528-9E33-0D7FBCF7F0D9}
	EndGlobalSection
EndGlobal
